
Microsoft Visual Studio Solution File, Format Version 12.00
# Visual Studio Version 16
VisualStudioVersion = 16.0.29911.84
MinimumVisualStudioVersion = 10.0.40219.1
Project("{FAE04EC0-301F-11D3-BF4B-00C04F79EFBC}") = "zadanie8", "zadanie8\zadanie8.csproj", "{FD019816-FF4E-4741-9A63-AC6B044A0264}"
EndProject
Global
	GlobalSection(SolutionConfigurationPlatforms) = preSolution
		Debug|Any CPU = Debug|Any CPU
		Release|Any CPU = Release|Any CPU
	EndGlobalSection
	GlobalSection(ProjectConfigurationPlatforms) = postSolution
		{FD019816-FF4E-4741-9A63-AC6B044A0264}.Debug|Any CPU.ActiveCfg = Debug|Any CPU
		{FD019816-FF4E-4741-9A63-AC6B044A0264}.Debug|Any CPU.Build.0 = Debug|Any CPU
		{FD019816-FF4E-4741-9A63-AC6B044A0264}.Release|Any CPU.ActiveCfg = Release|Any CPU
		{FD019816-FF4E-4741-9A63-AC6B044A0264}.Release|Any CPU.Build.0 = Release|Any CPU
	EndGlobalSection
	GlobalSection(SolutionProperties) = preSolution
		HideSolutionNode = FALSE
	EndGlobalSection
	GlobalSection(ExtensibilityGlobals) = postSolution
		SolutionGuid = {302FB4A6-69F2-43A7-8B03-41935E0D3A18}
	EndGlobalSection
EndGlobal
